
Microsoft Visual Studio Solution File, Format Version 12.00
# Visual Studio Version 17
VisualStudioVersion = 17.10.34928.147
MinimumVisualStudioVersion = 10.0.40219.1
Project("{9A19103F-16F7-4668-BE54-9A1E7A4F7556}") = "EMicroservice.IDP", "EMicroservice.IDP.csproj", "{1991AE4C-153B-420E-9635-2554127E6AFF}"
EndProject
Global
	GlobalSection(SolutionConfigurationPlatforms) = preSolution
		Debug|Any CPU = Debug|Any CPU
		Release|Any CPU = Release|Any CPU
	EndGlobalSection
	GlobalSection(ProjectConfigurationPlatforms) = postSolution
		{1991AE4C-153B-420E-9635-2554127E6AFF}.Debug|Any CPU.ActiveCfg = Debug|Any CPU
		{1991AE4C-153B-420E-9635-2554127E6AFF}.Debug|Any CPU.Build.0 = Debug|Any CPU
		{1991AE4C-153B-420E-9635-2554127E6AFF}.Release|Any CPU.ActiveCfg = Release|Any CPU
		{1991AE4C-153B-420E-9635-2554127E6AFF}.Release|Any CPU.Build.0 = Release|Any CPU
	EndGlobalSection
	GlobalSection(SolutionProperties) = preSolution
		HideSolutionNode = FALSE
	EndGlobalSection
	GlobalSection(ExtensibilityGlobals) = postSolution
		SolutionGuid = {7573C59A-1D47-43FB-ADBE-FBF4A5CA28EE}
	EndGlobalSection
EndGlobal
